schema: '2.0'
stages:
  train:
    cmd: python3 src/model.py
    deps:
    - path: src/model.py
      hash: md5
      md5: 205fadd33bbf014df07e54fcbcd85664
      size: 2477
    - path: train/train.csv
      hash: md5
      md5: 7aff6f4b0512551a6085d29fb2c09a39
      size: 3008889
    outs:
    - path: artifacts/data/X_train.npy
      hash: md5
      md5: 316b3bc8beab815b3b96c00c4e42dfcc
      size: 1507728
    - path: artifacts/data/y_train.npy
      hash: md5
      md5: b60f36e9d0b0452c8984b5adaa8d0500
      size: 301648
    - path: artifacts/metrics/training_history.json
      hash: md5
      md5: 4f753a1e0b201b1ab10300bf0a7c27e7
      size: 269
    - path: artifacts/models/
      hash: md5
      md5: 4375ff27387773980595b482ffdf5876.dir
      size: 341900178
      nfiles: 2
    - path: artifacts/preprocessing/
      hash: md5
      md5: 3aba4051cccbcc18b671670403216676.dir
      size: 782
      nfiles: 2
  evaluate:
    cmd: python3 src/evaluate.py
    deps:
    - path: artifacts/models/decision_tree.pkl
      hash: md5
      md5: f1a314f63398a0bf5d81f4b6411be976
      size: 130865
    - path: artifacts/models/random_forest.pkl
      hash: md5
      md5: 8d6cb8825bd3241af56b320de75cdc12
      size: 341769313
    - path: artifacts/preprocessing/feature_columns.json
      hash: md5
      md5: 855eedeab74b2fa344181d683137ad5c
      size: 95
    - path: artifacts/preprocessing/scaler.pkl
      hash: md5
      md5: 361ced5998b92ae5740faa4c42571c6a
      size: 687
    - path: src/evaluate.py
      hash: md5
      md5: 31cc3af8dd9effcbdd4108ca42f6ce3d
      size: 1702
    - path: test/test.csv
      hash: md5
      md5: 47d7e6b5f10f14c1e25094e59ec4eaf1
      size: 844851
    outs:
    - path: artifacts/data/X_test.npy
      hash: md5
      md5: 944cd194ac405526fb85b4c1d1c5e9cb
      size: 419448
    - path: artifacts/data/y_test.npy
      hash: md5
      md5: 13eae2b795a92dc2dddb949651202dda
      size: 83992
    - path: artifacts/metrics/evaluation_metrics.json
      hash: md5
      md5: 844e7ec4fa743d5e54f5273df9afcf47
      size: 238
