schema: '2.0'
stages:
  train:
    cmd: python3 src/model.py
    deps:
    - path: src/model.py
      hash: md5
      md5: ec13507cb3a332536750313ef2aa5fd1
      size: 2857
    - path: train/train.csv
      hash: md5
      md5: eb10e95fd4e006b4f88e5e638263fe5b
      size: 4301993
    outs:
    - path: artifacts/data/X_train.npy
      hash: md5
      md5: 6057cdd8ddc0e27e4922aba1e234d85c
      size: 3864656
    - path: artifacts/data/y_train.npy
      hash: md5
      md5: ad30fa5dacc7fd9e9150056bfe9be169
      size: 429520
    - path: artifacts/metrics/training_history.json
      hash: md5
      md5: 03a5234180fbee4aae7ad2df270c0184
      size: 270
    - path: artifacts/models/
      hash: md5
      md5: 67c3038e2e9e0ec9b48670b330a70af2.dir
      size: 236680978
      nfiles: 2
    - path: artifacts/preprocessing/
      hash: md5
      md5: 0398c488650992cdc4f3b5dafdaa5e88.dir
      size: 932
      nfiles: 2
  evaluate:
    cmd: python3 src/evaluate.py
    deps:
    - path: artifacts/models/decision_tree.pkl
      hash: md5
      md5: 24c59a2e07e1db5fd1f6d7e16a2b64ea
      size: 132449
    - path: artifacts/models/random_forest.pkl
      hash: md5
      md5: 5599981f60821cf6045fadad679a1bdc
      size: 236548529
    - path: artifacts/preprocessing/feature_columns.json
      hash: md5
      md5: 235bbf8f085b3896d709a1a428421ad1
      size: 149
    - path: artifacts/preprocessing/scaler.pkl
      hash: md5
      md5: 8c6468e5beba355e1c8f31a58d65bcdc
      size: 783
    - path: src/evaluate.py
      hash: md5
      md5: 66b26ebd27901f97088b86148e7105dc
      size: 2690
    - path: test/test.csv
      hash: md5
      md5: 47d7e6b5f10f14c1e25094e59ec4eaf1
      size: 844851
    - path: val/val.csv
      hash: md5
      md5: 2b5ddf5245d8e8bee42010fa07d0fc0e
      size: 423906
    outs:
    - path: artifacts/data/X_test.npy
      hash: md5
      md5: ddbabc30e1241262f248e51eb608ea83
      size: 754904
    - path: artifacts/data/X_val.npy
      hash: md5
      md5: 447cb0e98c965c2cc7413de7023c9529
      size: 377552
    - path: artifacts/data/y_test.npy
      hash: md5
      md5: 13eae2b795a92dc2dddb949651202dda
      size: 83992
    - path: artifacts/data/y_val.npy
      hash: md5
      md5: a838ca0f5cd0715f3d0b0acd19e41edd
      size: 42064
    - path: artifacts/metrics/evaluation_metrics.json
      hash: md5
      md5: 885aaccdddb962b31537baa197ba0424
      size: 441
  monitor:
    cmd: python3 src/monitor.py
    deps:
    - path: artifacts/data/X_train.npy
      hash: md5
      md5: 6057cdd8ddc0e27e4922aba1e234d85c
      size: 3864656
    - path: artifacts/models/random_forest.pkl
      hash: md5
      md5: 5599981f60821cf6045fadad679a1bdc
      size: 236548529
    - path: artifacts/preprocessing/feature_columns.json
      hash: md5
      md5: 235bbf8f085b3896d709a1a428421ad1
      size: 149
    - path: artifacts/preprocessing/scaler.pkl
      hash: md5
      md5: 8c6468e5beba355e1c8f31a58d65bcdc
      size: 783
    - path: data/new_data.csv
      hash: md5
      md5: f0b573020bbbe2546ba45ddc2a427af0
      size: 80973
    - path: src/monitor.py
      hash: md5
      md5: c14e141bd9e0a7069aa51e85cdf1a9a9
      size: 3456
    outs:
    - path: artifacts/data/X_new.npy
      hash: md5
      md5: 5f37032b7f301fe95959e9b43d4254bb
      size: 40088
    - path: artifacts/metrics/monitoring_metrics.json
      hash: md5
      md5: bc33c8a56c33e1dd1fc61e0db6e31a22
      size: 293
    - path: monitoring/reports/drift_report.json
      hash: md5
      md5: c465f4b9c67076393a82c4629a438cd8
      size: 1424
  generate_reports:
    cmd: python3 src/generate_reports.py
    deps:
    - path: artifacts/metrics/evaluation_metrics.json
      hash: md5
      md5: 885aaccdddb962b31537baa197ba0424
      size: 441
    - path: artifacts/metrics/lstm_metrics.json
      hash: md5
      md5: 7b5208d9a45a96ac7fa408880122acd9
      size: 149
    - path: artifacts/metrics/monitoring_metrics.json
      hash: md5
      md5: bc33c8a56c33e1dd1fc61e0db6e31a22
      size: 293
    - path: artifacts/metrics/training_history.json
      hash: md5
      md5: 03a5234180fbee4aae7ad2df270c0184
      size: 270
    - path: monitoring/reports/drift_report.json
      hash: md5
      md5: c465f4b9c67076393a82c4629a438cd8
      size: 1424
    - path: src/generate_reports.py
      hash: md5
      md5: d1b68d3cd78df8997e6b9f553f94e2d3
      size: 10562
    outs:
    - path: reports/monitoring_dashboard.html
      hash: md5
      md5: a180c827b76b176969d55ab492e6669c
      size: 1426
    - path: reports/performance_report.html
      hash: md5
      md5: 1b5eb796404d04905cbd9ce3b4ce46f5
      size: 1055
  lstm_train:
    cmd: python3 src/lstm_model.py
    deps:
    - path: src/lstm_model.py
      hash: md5
      md5: dcd3f3bccbbec59aafe27637c83444f9
      size: 5128
    - path: train/train.csv
      hash: md5
      md5: eb10e95fd4e006b4f88e5e638263fe5b
      size: 4301993
    outs:
    - path: artifacts/lstm/
      hash: md5
      md5: a5c7e09c1cb7b5bb159e620497558d16.dir
      size: 449021
      nfiles: 5
    - path: artifacts/metrics/lstm_metrics.json
      hash: md5
      md5: 7b5208d9a45a96ac7fa408880122acd9
      size: 149
